
Microsoft Visual Studio Solution File, Format Version 12.00
# Visual Studio Version 17
VisualStudioVersion = 17.7.34018.315
MinimumVisualStudioVersion = 10.0.40219.1
Project("{FAE04EC0-301F-11D3-BF4B-00C04F79EFBC}") = "дз чат-приветствие", "дз чат-приветствие\дз чат-приветствие.csproj", "{90046E20-2B40-4CCC-947B-BC09CF3BD21D}"
EndProject
Global
	GlobalSection(SolutionConfigurationPlatforms) = preSolution
		Debug|Any CPU = Debug|Any CPU
		Release|Any CPU = Release|Any CPU
	EndGlobalSection
	GlobalSection(ProjectConfigurationPlatforms) = postSolution
		{90046E20-2B40-4CCC-947B-BC09CF3BD21D}.Debug|Any CPU.ActiveCfg = Debug|Any CPU
		{90046E20-2B40-4CCC-947B-BC09CF3BD21D}.Debug|Any CPU.Build.0 = Debug|Any CPU
		{90046E20-2B40-4CCC-947B-BC09CF3BD21D}.Release|Any CPU.ActiveCfg = Release|Any CPU
		{90046E20-2B40-4CCC-947B-BC09CF3BD21D}.Release|Any CPU.Build.0 = Release|Any CPU
	EndGlobalSection
	GlobalSection(SolutionProperties) = preSolution
		HideSolutionNode = FALSE
	EndGlobalSection
	GlobalSection(ExtensibilityGlobals) = postSolution
		SolutionGuid = {795DE999-7869-46C1-B862-4D9B8BC872B7}
	EndGlobalSection
EndGlobal
